
Microsoft Visual Studio Solution File, Format Version 12.00
# Visual Studio 14
VisualStudioVersion = 14.0.25123.0
MinimumVisualStudioVersion = 10.0.40219.1
Project("{262852C6-CD72-467D-83FE-5EEB1973A190}") = "azure-services-with-ionic", "azure-services-with-ionic.jsproj", "{FE1A565D-447E-4879-951C-BAC7555EDBC7}"
EndProject
Global
	GlobalSection(SolutionConfigurationPlatforms) = preSolution
		Debug|Android = Debug|Android
		Debug|iOS = Debug|iOS
		Debug|Windows-x86 = Debug|Windows-x86
		Release|Android = Release|Android
		Release|iOS = Release|iOS
		Release|Windows-x86 = Release|Windows-x86
	EndGlobalSection
	GlobalSection(ProjectConfigurationPlatforms) = postSolution
		{FE1A565D-447E-4879-951C-BAC7555EDBC7}.Debug|Android.ActiveCfg = Debug|Android
		{FE1A565D-447E-4879-951C-BAC7555EDBC7}.Debug|Android.Build.0 = Debug|Android
		{FE1A565D-447E-4879-951C-BAC7555EDBC7}.Debug|Android.Deploy.0 = Debug|Android
		{FE1A565D-447E-4879-951C-BAC7555EDBC7}.Debug|iOS.ActiveCfg = Debug|iOS
		{FE1A565D-447E-4879-951C-BAC7555EDBC7}.Debug|iOS.Build.0 = Debug|iOS
		{FE1A565D-447E-4879-951C-BAC7555EDBC7}.Debug|iOS.Deploy.0 = Debug|iOS
		{FE1A565D-447E-4879-951C-BAC7555EDBC7}.Debug|Windows-x86.ActiveCfg = Debug|Windows-x86
		{FE1A565D-447E-4879-951C-BAC7555EDBC7}.Debug|Windows-x86.Build.0 = Debug|Windows-x86
		{FE1A565D-447E-4879-951C-BAC7555EDBC7}.Debug|Windows-x86.Deploy.0 = Debug|Windows-x86
		{FE1A565D-447E-4879-951C-BAC7555EDBC7}.Release|Android.ActiveCfg = Release|Android
		{FE1A565D-447E-4879-951C-BAC7555EDBC7}.Release|Android.Build.0 = Release|Android
		{FE1A565D-447E-4879-951C-BAC7555EDBC7}.Release|Android.Deploy.0 = Release|Android
		{FE1A565D-447E-4879-951C-BAC7555EDBC7}.Release|iOS.ActiveCfg = Release|iOS
		{FE1A565D-447E-4879-951C-BAC7555EDBC7}.Release|iOS.Build.0 = Release|iOS
		{FE1A565D-447E-4879-951C-BAC7555EDBC7}.Release|iOS.Deploy.0 = Release|iOS
		{FE1A565D-447E-4879-951C-BAC7555EDBC7}.Release|Windows-x86.ActiveCfg = Release|Windows-x86
		{FE1A565D-447E-4879-951C-BAC7555EDBC7}.Release|Windows-x86.Build.0 = Release|Windows-x86
		{FE1A565D-447E-4879-951C-BAC7555EDBC7}.Release|Windows-x86.Deploy.0 = Release|Windows-x86
	EndGlobalSection
	GlobalSection(SolutionProperties) = preSolution
		HideSolutionNode = FALSE
	EndGlobalSection
EndGlobal
